
Microsoft Visual Studio Solution File, Format Version 12.00
# Visual Studio 15
Project("{FAE04EC0-301F-11D3-BF4B-00C04F79EFBC}") = "Assembly-CSharp", "Assembly-CSharp.csproj", "{F12EBB71-8FA4-09C9-9B48-305ACFAFB900}"
EndProject
Project("{FAE04EC0-301F-11D3-BF4B-00C04F79EFBC}") = "Assembly-CSharp-Editor", "Assembly-CSharp-Editor.csproj", "{D3F45758-4815-F5E7-EBFB-0BE191E6E09A}"
EndProject
Global
	GlobalSection(SolutionConfigurationPlatforms) = preSolution
		Debug|Any CPU = Debug|Any CPU
		Release|Any CPU = Release|Any CPU
	EndGlobalSection
	GlobalSection(ProjectConfigurationPlatforms) = postSolution
		{F12EBB71-8FA4-09C9-9B48-305ACFAFB900}.Debug|Any CPU.ActiveCfg = Debug|Any CPU
		{F12EBB71-8FA4-09C9-9B48-305ACFAFB900}.Debug|Any CPU.Build.0 = Debug|Any CPU
		{F12EBB71-8FA4-09C9-9B48-305ACFAFB900}.Release|Any CPU.ActiveCfg = Release|Any CPU
		{F12EBB71-8FA4-09C9-9B48-305ACFAFB900}.Release|Any CPU.Build.0 = Release|Any CPU
		{D3F45758-4815-F5E7-EBFB-0BE191E6E09A}.Debug|Any CPU.ActiveCfg = Debug|Any CPU
		{D3F45758-4815-F5E7-EBFB-0BE191E6E09A}.Debug|Any CPU.Build.0 = Debug|Any CPU
		{D3F45758-4815-F5E7-EBFB-0BE191E6E09A}.Release|Any CPU.ActiveCfg = Release|Any CPU
		{D3F45758-4815-F5E7-EBFB-0BE191E6E09A}.Release|Any CPU.Build.0 = Release|Any CPU
	EndGlobalSection
	GlobalSection(SolutionProperties) = preSolution
		HideSolutionNode = FALSE
	EndGlobalSection
EndGlobal
