
Microsoft Visual Studio Solution File, Format Version 12.00
# Visual Studio 15
Project("{FAE04EC0-301F-11D3-BF4B-00C04F79EFBC}") = "Assembly-CSharp", "Assembly-CSharp.csproj", "{11B43565-E5F5-B4AC-2CF1-05141E223DBD}"
EndProject
Project("{FAE04EC0-301F-11D3-BF4B-00C04F79EFBC}") = "Assembly-CSharp-Editor", "Assembly-CSharp-Editor.csproj", "{8784AA06-5064-5C2D-B061-D3B9C04238CA}"
EndProject
Global
	GlobalSection(SolutionConfigurationPlatforms) = preSolution
		Debug|Any CPU = Debug|Any CPU
		Release|Any CPU = Release|Any CPU
	EndGlobalSection
	GlobalSection(ProjectConfigurationPlatforms) = postSolution
		{11B43565-E5F5-B4AC-2CF1-05141E223DBD}.Debug|Any CPU.ActiveCfg = Debug|Any CPU
		{11B43565-E5F5-B4AC-2CF1-05141E223DBD}.Debug|Any CPU.Build.0 = Debug|Any CPU
		{11B43565-E5F5-B4AC-2CF1-05141E223DBD}.Release|Any CPU.ActiveCfg = Release|Any CPU
		{11B43565-E5F5-B4AC-2CF1-05141E223DBD}.Release|Any CPU.Build.0 = Release|Any CPU
		{8784AA06-5064-5C2D-B061-D3B9C04238CA}.Debug|Any CPU.ActiveCfg = Debug|Any CPU
		{8784AA06-5064-5C2D-B061-D3B9C04238CA}.Debug|Any CPU.Build.0 = Debug|Any CPU
		{8784AA06-5064-5C2D-B061-D3B9C04238CA}.Release|Any CPU.ActiveCfg = Release|Any CPU
		{8784AA06-5064-5C2D-B061-D3B9C04238CA}.Release|Any CPU.Build.0 = Release|Any CPU
	EndGlobalSection
	GlobalSection(SolutionProperties) = preSolution
		HideSolutionNode = FALSE
	EndGlobalSection
EndGlobal
